
Microsoft Visual Studio Solution File, Format Version 12.00
# Visual Studio Version 16
VisualStudioVersion = 16.0.31911.196
MinimumVisualStudioVersion = 10.0.40219.1
Project("{FAE04EC0-301F-11D3-BF4B-00C04F79EFBC}") = "JungFranco.Helpers", "JungFranco.Helpers.csproj", "{662EA199-52EF-4F79-8518-3125D2FFEB19}"
EndProject
Global
	GlobalSection(SolutionConfigurationPlatforms) = preSolution
		Debug|Any CPU = Debug|Any CPU
		Release|Any CPU = Release|Any CPU
	EndGlobalSection
	GlobalSection(ProjectConfigurationPlatforms) = postSolution
		{662EA199-52EF-4F79-8518-3125D2FFEB19}.Debug|Any CPU.ActiveCfg = Debug|Any CPU
		{662EA199-52EF-4F79-8518-3125D2FFEB19}.Debug|Any CPU.Build.0 = Debug|Any CPU
		{662EA199-52EF-4F79-8518-3125D2FFEB19}.Release|Any CPU.ActiveCfg = Release|Any CPU
		{662EA199-52EF-4F79-8518-3125D2FFEB19}.Release|Any CPU.Build.0 = Release|Any CPU
	EndGlobalSection
	GlobalSection(SolutionProperties) = preSolution
		HideSolutionNode = FALSE
	EndGlobalSection
	GlobalSection(ExtensibilityGlobals) = postSolution
		SolutionGuid = {4B52BEF0-39E8-42EF-9181-D2BAEAEDCC27}
	EndGlobalSection
EndGlobal
